
Microsoft Visual Studio Solution File, Format Version 12.00
# Visual Studio Version 16
VisualStudioVersion = 16.0.29926.136
MinimumVisualStudioVersion = 10.0.40219.1
Project("{FAE04EC0-301F-11D3-BF4B-00C04F79EFBC}") = "MineFishV2 Setting", "MineFishV2 Setting\MineFishV2 Setting.csproj", "{01D1C604-4DBE-4F21-9061-0A9C6555C81B}"
EndProject
Global
	GlobalSection(SolutionConfigurationPlatforms) = preSolution
		Debug|Any CPU = Debug|Any CPU
		Release|Any CPU = Release|Any CPU
	EndGlobalSection
	GlobalSection(ProjectConfigurationPlatforms) = postSolution
		{01D1C604-4DBE-4F21-9061-0A9C6555C81B}.Debug|Any CPU.ActiveCfg = Debug|Any CPU
		{01D1C604-4DBE-4F21-9061-0A9C6555C81B}.Debug|Any CPU.Build.0 = Debug|Any CPU
		{01D1C604-4DBE-4F21-9061-0A9C6555C81B}.Release|Any CPU.ActiveCfg = Release|Any CPU
		{01D1C604-4DBE-4F21-9061-0A9C6555C81B}.Release|Any CPU.Build.0 = Release|Any CPU
	EndGlobalSection
	GlobalSection(SolutionProperties) = preSolution
		HideSolutionNode = FALSE
	EndGlobalSection
	GlobalSection(ExtensibilityGlobals) = postSolution
		SolutionGuid = {6150B7DE-9D62-41DF-B8D9-830F033237FA}
	EndGlobalSection
EndGlobal
